{
  "version": "4",
  "specifiers": {
    "jsr:@std/assert@1": "1.0.6",
    "jsr:@std/internal@^1.0.4": "1.0.4",
    "npm:@trpc/client@^10.45.2": "10.45.2_@trpc+server@10.45.2",
    "npm:@trpc/server@^10.45.2": "10.45.2"
  },
  "jsr": {
    "@std/assert@1.0.6": {
      "integrity": "1904c05806a25d94fe791d6d883b685c9e2dcd60e4f9fc30f4fc5cf010c72207",
      "dependencies": [
        "jsr:@std/internal"
      ]
    },
    "@std/internal@1.0.4": {
      "integrity": "62e8e4911527e5e4f307741a795c0b0a9e6958d0b3790716ae71ce085f755422"
    }
  },
  "npm": {
    "@trpc/client@10.45.2_@trpc+server@10.45.2": {
      "integrity": "sha512-ykALM5kYWTLn1zYuUOZ2cPWlVfrXhc18HzBDyRhoPYN0jey4iQHEFSEowfnhg1RvYnrAVjNBgHNeSAXjrDbGwg==",
      "dependencies": [
        "@trpc/server"
      ]
    },
    "@trpc/server@10.45.2": {
      "integrity": "sha512-wOrSThNNE4HUnuhJG6PfDRp4L2009KDVxsd+2VYH8ro6o/7/jwYZ8Uu5j+VaW+mOmc8EHerHzGcdbGNQSAUPgg=="
    }
  },
  "workspace": {
    "dependencies": [
      "jsr:@std/assert@1",
      "npm:@trpc/client@^10.45.2",
      "npm:@trpc/server@^10.45.2"
    ]
  }
}
